
Microsoft Visual Studio Solution File, Format Version 12.00
# Visual Studio Version 16
VisualStudioVersion = 16.0.30907.101
MinimumVisualStudioVersion = 10.0.40219.1
Project("{FAE04EC0-301F-11D3-BF4B-00C04F79EFBC}") = "William01", "William01\William01.csproj", "{DCA0E5ED-1542-4676-8B33-473BE9D90887}"
EndProject
Global
	GlobalSection(SolutionConfigurationPlatforms) = preSolution
		Debug|Any CPU = Debug|Any CPU
		Release|Any CPU = Release|Any CPU
	EndGlobalSection
	GlobalSection(ProjectConfigurationPlatforms) = postSolution
		{DCA0E5ED-1542-4676-8B33-473BE9D90887}.Debug|Any CPU.ActiveCfg = Debug|Any CPU
		{DCA0E5ED-1542-4676-8B33-473BE9D90887}.Debug|Any CPU.Build.0 = Debug|Any CPU
		{DCA0E5ED-1542-4676-8B33-473BE9D90887}.Release|Any CPU.ActiveCfg = Release|Any CPU
		{DCA0E5ED-1542-4676-8B33-473BE9D90887}.Release|Any CPU.Build.0 = Release|Any CPU
	EndGlobalSection
	GlobalSection(SolutionProperties) = preSolution
		HideSolutionNode = FALSE
	EndGlobalSection
	GlobalSection(ExtensibilityGlobals) = postSolution
		SolutionGuid = {F72E2E52-95B4-464D-9440-C8A7B4B49FF8}
	EndGlobalSection
EndGlobal
